
Microsoft Visual Studio Solution File, Format Version 12.00
# Visual Studio Version 17
VisualStudioVersion = 17.14.36705.20 d17.14
MinimumVisualStudioVersion = 10.0.40219.1
Project("{FAE04EC0-301F-11D3-BF4B-00C04F79EFBC}") = "WebAppFragmentCache", "WebAppFragmentCache\WebAppFragmentCache.csproj", "{C38E571F-7146-4D3B-9B41-2E1831680465}"
EndProject
Global
	GlobalSection(SolutionConfigurationPlatforms) = preSolution
		Debug|Any CPU = Debug|Any CPU
		Release|Any CPU = Release|Any CPU
	EndGlobalSection
	GlobalSection(ProjectConfigurationPlatforms) = postSolution
		{C38E571F-7146-4D3B-9B41-2E1831680465}.Debug|Any CPU.ActiveCfg = Debug|Any CPU
		{C38E571F-7146-4D3B-9B41-2E1831680465}.Debug|Any CPU.Build.0 = Debug|Any CPU
		{C38E571F-7146-4D3B-9B41-2E1831680465}.Release|Any CPU.ActiveCfg = Release|Any CPU
		{C38E571F-7146-4D3B-9B41-2E1831680465}.Release|Any CPU.Build.0 = Release|Any CPU
	EndGlobalSection
	GlobalSection(SolutionProperties) = preSolution
		HideSolutionNode = FALSE
	EndGlobalSection
	GlobalSection(ExtensibilityGlobals) = postSolution
		SolutionGuid = {DBB1E8E4-52B7-419C-A49F-15FA27E80F91}
	EndGlobalSection
EndGlobal
