
Microsoft Visual Studio Solution File, Format Version 12.00
# Visual Studio Version 17
VisualStudioVersion = 17.14.36705.20 d17.14
MinimumVisualStudioVersion = 10.0.40219.1
Project("{FAE04EC0-301F-11D3-BF4B-00C04F79EFBC}") = "WebApp_ViewState", "WebApp_ViewState\WebApp_ViewState.csproj", "{D8191344-0CA9-4AA4-8D86-FF6284885961}"
EndProject
Global
	GlobalSection(SolutionConfigurationPlatforms) = preSolution
		Debug|Any CPU = Debug|Any CPU
		Release|Any CPU = Release|Any CPU
	EndGlobalSection
	GlobalSection(ProjectConfigurationPlatforms) = postSolution
		{D8191344-0CA9-4AA4-8D86-FF6284885961}.Debug|Any CPU.ActiveCfg = Debug|Any CPU
		{D8191344-0CA9-4AA4-8D86-FF6284885961}.Debug|Any CPU.Build.0 = Debug|Any CPU
		{D8191344-0CA9-4AA4-8D86-FF6284885961}.Release|Any CPU.ActiveCfg = Release|Any CPU
		{D8191344-0CA9-4AA4-8D86-FF6284885961}.Release|Any CPU.Build.0 = Release|Any CPU
	EndGlobalSection
	GlobalSection(SolutionProperties) = preSolution
		HideSolutionNode = FALSE
	EndGlobalSection
	GlobalSection(ExtensibilityGlobals) = postSolution
		SolutionGuid = {A8FD3174-7301-4CBD-BACF-85F0DA01E6B7}
	EndGlobalSection
EndGlobal
