
Microsoft Visual Studio Solution File, Format Version 12.00
# Visual Studio Version 17
VisualStudioVersion = 17.14.36705.20 d17.14
MinimumVisualStudioVersion = 10.0.40219.1
Project("{FAE04EC0-301F-11D3-BF4B-00C04F79EFBC}") = "Entities", "Entities\Entities.csproj", "{3937751E-BF6C-469C-8684-549B61CD3573}"
EndProject
Global
	GlobalSection(SolutionConfigurationPlatforms) = preSolution
		Debug|Any CPU = Debug|Any CPU
		Release|Any CPU = Release|Any CPU
	EndGlobalSection
	GlobalSection(ProjectConfigurationPlatforms) = postSolution
		{3937751E-BF6C-469C-8684-549B61CD3573}.Debug|Any CPU.ActiveCfg = Debug|Any CPU
		{3937751E-BF6C-469C-8684-549B61CD3573}.Debug|Any CPU.Build.0 = Debug|Any CPU
		{3937751E-BF6C-469C-8684-549B61CD3573}.Release|Any CPU.ActiveCfg = Release|Any CPU
		{3937751E-BF6C-469C-8684-549B61CD3573}.Release|Any CPU.Build.0 = Release|Any CPU
	EndGlobalSection
	GlobalSection(SolutionProperties) = preSolution
		HideSolutionNode = FALSE
	EndGlobalSection
	GlobalSection(ExtensibilityGlobals) = postSolution
		SolutionGuid = {80096B6E-70DE-4BB8-B775-3D9DFE0153A7}
	EndGlobalSection
EndGlobal
