
Microsoft Visual Studio Solution File, Format Version 12.00
# Visual Studio Version 17
VisualStudioVersion = 17.14.36414.22 d17.14
MinimumVisualStudioVersion = 10.0.40219.1
Project("{FAE04EC0-301F-11D3-BF4B-00C04F79EFBC}") = "Question7", "Question7\Question7.csproj", "{42BB8FA7-B742-441C-9246-1FEAFFC32A0B}"
EndProject
Global
	GlobalSection(SolutionConfigurationPlatforms) = preSolution
		Debug|Any CPU = Debug|Any CPU
		Release|Any CPU = Release|Any CPU
	EndGlobalSection
	GlobalSection(ProjectConfigurationPlatforms) = postSolution
		{42BB8FA7-B742-441C-9246-1FEAFFC32A0B}.Debug|Any CPU.ActiveCfg = Debug|Any CPU
		{42BB8FA7-B742-441C-9246-1FEAFFC32A0B}.Debug|Any CPU.Build.0 = Debug|Any CPU
		{42BB8FA7-B742-441C-9246-1FEAFFC32A0B}.Release|Any CPU.ActiveCfg = Release|Any CPU
		{42BB8FA7-B742-441C-9246-1FEAFFC32A0B}.Release|Any CPU.Build.0 = Release|Any CPU
	EndGlobalSection
	GlobalSection(SolutionProperties) = preSolution
		HideSolutionNode = FALSE
	EndGlobalSection
	GlobalSection(ExtensibilityGlobals) = postSolution
		SolutionGuid = {B5B83A6B-BADA-4321-B3F1-0D668C13437A}
	EndGlobalSection
EndGlobal
