
Microsoft Visual Studio Solution File, Format Version 12.00
# Visual Studio Version 17
VisualStudioVersion = 17.14.36414.22 d17.14
MinimumVisualStudioVersion = 10.0.40219.1
Project("{FAE04EC0-301F-11D3-BF4B-00C04F79EFBC}") = "Ienum_demo", "Ienum_demo\Ienum_demo.csproj", "{68A1942C-AF95-4231-83D8-8A82A07DE655}"
EndProject
Global
	GlobalSection(SolutionConfigurationPlatforms) = preSolution
		Debug|Any CPU = Debug|Any CPU
		Release|Any CPU = Release|Any CPU
	EndGlobalSection
	GlobalSection(ProjectConfigurationPlatforms) = postSolution
		{68A1942C-AF95-4231-83D8-8A82A07DE655}.Debug|Any CPU.ActiveCfg = Debug|Any CPU
		{68A1942C-AF95-4231-83D8-8A82A07DE655}.Debug|Any CPU.Build.0 = Debug|Any CPU
		{68A1942C-AF95-4231-83D8-8A82A07DE655}.Release|Any CPU.ActiveCfg = Release|Any CPU
		{68A1942C-AF95-4231-83D8-8A82A07DE655}.Release|Any CPU.Build.0 = Release|Any CPU
	EndGlobalSection
	GlobalSection(SolutionProperties) = preSolution
		HideSolutionNode = FALSE
	EndGlobalSection
	GlobalSection(ExtensibilityGlobals) = postSolution
		SolutionGuid = {4EA2DA7B-D335-4AED-8138-6920BE8223A3}
	EndGlobalSection
EndGlobal
