
Microsoft Visual Studio Solution File, Format Version 12.00
# Visual Studio Version 17
VisualStudioVersion = 17.14.36414.22 d17.14
MinimumVisualStudioVersion = 10.0.40219.1
Project("{FAE04EC0-301F-11D3-BF4B-00C04F79EFBC}") = "Indexer1", "Indexer1\Indexer1.csproj", "{1128692A-6182-4CB3-893E-B5BF5E0F0570}"
EndProject
Global
	GlobalSection(SolutionConfigurationPlatforms) = preSolution
		Debug|Any CPU = Debug|Any CPU
		Release|Any CPU = Release|Any CPU
	EndGlobalSection
	GlobalSection(ProjectConfigurationPlatforms) = postSolution
		{1128692A-6182-4CB3-893E-B5BF5E0F0570}.Debug|Any CPU.ActiveCfg = Debug|Any CPU
		{1128692A-6182-4CB3-893E-B5BF5E0F0570}.Debug|Any CPU.Build.0 = Debug|Any CPU
		{1128692A-6182-4CB3-893E-B5BF5E0F0570}.Release|Any CPU.ActiveCfg = Release|Any CPU
		{1128692A-6182-4CB3-893E-B5BF5E0F0570}.Release|Any CPU.Build.0 = Release|Any CPU
	EndGlobalSection
	GlobalSection(SolutionProperties) = preSolution
		HideSolutionNode = FALSE
	EndGlobalSection
	GlobalSection(ExtensibilityGlobals) = postSolution
		SolutionGuid = {A510E2B8-F86C-4388-85CC-792FA2746A08}
	EndGlobalSection
EndGlobal
