
Microsoft Visual Studio Solution File, Format Version 12.00
# Visual Studio Version 17
VisualStudioVersion = 17.14.36414.22 d17.14
MinimumVisualStudioVersion = 10.0.40219.1
Project("{FAE04EC0-301F-11D3-BF4B-00C04F79EFBC}") = "WindowsFormsAppLib", "WindowsFormsAppLib\WindowsFormsAppLib.csproj", "{0C9EB341-BF55-488B-BCBD-A4D9BFFF53AA}"
EndProject
Global
	GlobalSection(SolutionConfigurationPlatforms) = preSolution
		Debug|Any CPU = Debug|Any CPU
		Release|Any CPU = Release|Any CPU
	EndGlobalSection
	GlobalSection(ProjectConfigurationPlatforms) = postSolution
		{0C9EB341-BF55-488B-BCBD-A4D9BFFF53AA}.Debug|Any CPU.ActiveCfg = Debug|Any CPU
		{0C9EB341-BF55-488B-BCBD-A4D9BFFF53AA}.Debug|Any CPU.Build.0 = Debug|Any CPU
		{0C9EB341-BF55-488B-BCBD-A4D9BFFF53AA}.Release|Any CPU.ActiveCfg = Release|Any CPU
		{0C9EB341-BF55-488B-BCBD-A4D9BFFF53AA}.Release|Any CPU.Build.0 = Release|Any CPU
	EndGlobalSection
	GlobalSection(SolutionProperties) = preSolution
		HideSolutionNode = FALSE
	EndGlobalSection
	GlobalSection(ExtensibilityGlobals) = postSolution
		SolutionGuid = {6A6E2EAF-FB18-49E0-BEAD-735CD1321C02}
	EndGlobalSection
EndGlobal
