
Microsoft Visual Studio Solution File, Format Version 12.00
# Visual Studio Version 17
VisualStudioVersion = 17.14.36414.22 d17.14
MinimumVisualStudioVersion = 10.0.40219.1
Project("{FAE04EC0-301F-11D3-BF4B-00C04F79EFBC}") = "Linqcoll", "Linqcoll\Linqcoll.csproj", "{DB65B3EB-1F4C-4ABC-AC05-D5E0A7AC287C}"
EndProject
Global
	GlobalSection(SolutionConfigurationPlatforms) = preSolution
		Debug|Any CPU = Debug|Any CPU
		Release|Any CPU = Release|Any CPU
	EndGlobalSection
	GlobalSection(ProjectConfigurationPlatforms) = postSolution
		{DB65B3EB-1F4C-4ABC-AC05-D5E0A7AC287C}.Debug|Any CPU.ActiveCfg = Debug|Any CPU
		{DB65B3EB-1F4C-4ABC-AC05-D5E0A7AC287C}.Debug|Any CPU.Build.0 = Debug|Any CPU
		{DB65B3EB-1F4C-4ABC-AC05-D5E0A7AC287C}.Release|Any CPU.ActiveCfg = Release|Any CPU
		{DB65B3EB-1F4C-4ABC-AC05-D5E0A7AC287C}.Release|Any CPU.Build.0 = Release|Any CPU
	EndGlobalSection
	GlobalSection(SolutionProperties) = preSolution
		HideSolutionNode = FALSE
	EndGlobalSection
	GlobalSection(ExtensibilityGlobals) = postSolution
		SolutionGuid = {2803D53A-02BA-456A-98BE-311359F16183}
	EndGlobalSection
EndGlobal
