
Microsoft Visual Studio Solution File, Format Version 12.00
# Visual Studio Version 17
VisualStudioVersion = 17.14.36414.22 d17.14
MinimumVisualStudioVersion = 10.0.40219.1
Project("{FAE04EC0-301F-11D3-BF4B-00C04F79EFBC}") = "CollectionApp1", "CollectionApp1\CollectionApp1.csproj", "{5A784902-6E9F-475F-ABFA-F26D29069BC3}"
EndProject
Global
	GlobalSection(SolutionConfigurationPlatforms) = preSolution
		Debug|Any CPU = Debug|Any CPU
		Release|Any CPU = Release|Any CPU
	EndGlobalSection
	GlobalSection(ProjectConfigurationPlatforms) = postSolution
		{5A784902-6E9F-475F-ABFA-F26D29069BC3}.Debug|Any CPU.ActiveCfg = Debug|Any CPU
		{5A784902-6E9F-475F-ABFA-F26D29069BC3}.Debug|Any CPU.Build.0 = Debug|Any CPU
		{5A784902-6E9F-475F-ABFA-F26D29069BC3}.Release|Any CPU.ActiveCfg = Release|Any CPU
		{5A784902-6E9F-475F-ABFA-F26D29069BC3}.Release|Any CPU.Build.0 = Release|Any CPU
	EndGlobalSection
	GlobalSection(SolutionProperties) = preSolution
		HideSolutionNode = FALSE
	EndGlobalSection
	GlobalSection(ExtensibilityGlobals) = postSolution
		SolutionGuid = {CB98EEBE-E382-4122-8264-4685B5FB40ED}
	EndGlobalSection
EndGlobal
