
Microsoft Visual Studio Solution File, Format Version 12.00
# Visual Studio Version 17
VisualStudioVersion = 17.14.36414.22 d17.14
MinimumVisualStudioVersion = 10.0.40219.1
Project("{FAE04EC0-301F-11D3-BF4B-00C04F79EFBC}") = "Stack_demo", "Stack_demo\Stack_demo.csproj", "{8EF235B8-9738-4110-A0EA-DD138E8948FE}"
EndProject
Global
	GlobalSection(SolutionConfigurationPlatforms) = preSolution
		Debug|Any CPU = Debug|Any CPU
		Release|Any CPU = Release|Any CPU
	EndGlobalSection
	GlobalSection(ProjectConfigurationPlatforms) = postSolution
		{8EF235B8-9738-4110-A0EA-DD138E8948FE}.Debug|Any CPU.ActiveCfg = Debug|Any CPU
		{8EF235B8-9738-4110-A0EA-DD138E8948FE}.Debug|Any CPU.Build.0 = Debug|Any CPU
		{8EF235B8-9738-4110-A0EA-DD138E8948FE}.Release|Any CPU.ActiveCfg = Release|Any CPU
		{8EF235B8-9738-4110-A0EA-DD138E8948FE}.Release|Any CPU.Build.0 = Release|Any CPU
	EndGlobalSection
	GlobalSection(SolutionProperties) = preSolution
		HideSolutionNode = FALSE
	EndGlobalSection
	GlobalSection(ExtensibilityGlobals) = postSolution
		SolutionGuid = {769DFC18-E924-4AEA-957A-90BB6C8F4C5A}
	EndGlobalSection
EndGlobal
