
Microsoft Visual Studio Solution File, Format Version 12.00
# Visual Studio Version 17
VisualStudioVersion = 17.14.36414.22 d17.14
MinimumVisualStudioVersion = 10.0.40219.1
Project("{FAE04EC0-301F-11D3-BF4B-00C04F79EFBC}") = "MzClass1", "MzClass1\MzClass1.csproj", "{65015543-3258-4FB7-B011-EDA9CD6D879F}"
EndProject
Global
	GlobalSection(SolutionConfigurationPlatforms) = preSolution
		Debug|Any CPU = Debug|Any CPU
		Release|Any CPU = Release|Any CPU
	EndGlobalSection
	GlobalSection(ProjectConfigurationPlatforms) = postSolution
		{65015543-3258-4FB7-B011-EDA9CD6D879F}.Debug|Any CPU.ActiveCfg = Debug|Any CPU
		{65015543-3258-4FB7-B011-EDA9CD6D879F}.Debug|Any CPU.Build.0 = Debug|Any CPU
		{65015543-3258-4FB7-B011-EDA9CD6D879F}.Release|Any CPU.ActiveCfg = Release|Any CPU
		{65015543-3258-4FB7-B011-EDA9CD6D879F}.Release|Any CPU.Build.0 = Release|Any CPU
	EndGlobalSection
	GlobalSection(SolutionProperties) = preSolution
		HideSolutionNode = FALSE
	EndGlobalSection
	GlobalSection(ExtensibilityGlobals) = postSolution
		SolutionGuid = {E5759C09-BA21-47B0-BADF-F331081AB8EC}
	EndGlobalSection
EndGlobal
