
Microsoft Visual Studio Solution File, Format Version 12.00
# Visual Studio Version 17
VisualStudioVersion = 17.14.36414.22 d17.14
MinimumVisualStudioVersion = 10.0.40219.1
Project("{FAE04EC0-301F-11D3-BF4B-00C04F79EFBC}") = "catchaDemo", "catchaDemo\catchaDemo.csproj", "{9F96B758-5F46-4AF9-9A89-789E9B514E84}"
EndProject
Global
	GlobalSection(SolutionConfigurationPlatforms) = preSolution
		Debug|Any CPU = Debug|Any CPU
		Release|Any CPU = Release|Any CPU
	EndGlobalSection
	GlobalSection(ProjectConfigurationPlatforms) = postSolution
		{9F96B758-5F46-4AF9-9A89-789E9B514E84}.Debug|Any CPU.ActiveCfg = Debug|Any CPU
		{9F96B758-5F46-4AF9-9A89-789E9B514E84}.Debug|Any CPU.Build.0 = Debug|Any CPU
		{9F96B758-5F46-4AF9-9A89-789E9B514E84}.Release|Any CPU.ActiveCfg = Release|Any CPU
		{9F96B758-5F46-4AF9-9A89-789E9B514E84}.Release|Any CPU.Build.0 = Release|Any CPU
	EndGlobalSection
	GlobalSection(SolutionProperties) = preSolution
		HideSolutionNode = FALSE
	EndGlobalSection
	GlobalSection(ExtensibilityGlobals) = postSolution
		SolutionGuid = {354A38DF-C3B4-400D-92B6-E51EAF96A0F5}
	EndGlobalSection
EndGlobal
