
Microsoft Visual Studio Solution File, Format Version 12.00
# Visual Studio Version 17
VisualStudioVersion = 17.14.36414.22 d17.14
MinimumVisualStudioVersion = 10.0.40219.1
Project("{FAE04EC0-301F-11D3-BF4B-00C04F79EFBC}") = "CollectionsApp5", "CollectionsApp5\CollectionsApp5.csproj", "{10AD210F-9E34-45D5-84DA-D9775F21C757}"
EndProject
Global
	GlobalSection(SolutionConfigurationPlatforms) = preSolution
		Debug|Any CPU = Debug|Any CPU
		Release|Any CPU = Release|Any CPU
	EndGlobalSection
	GlobalSection(ProjectConfigurationPlatforms) = postSolution
		{10AD210F-9E34-45D5-84DA-D9775F21C757}.Debug|Any CPU.ActiveCfg = Debug|Any CPU
		{10AD210F-9E34-45D5-84DA-D9775F21C757}.Debug|Any CPU.Build.0 = Debug|Any CPU
		{10AD210F-9E34-45D5-84DA-D9775F21C757}.Release|Any CPU.ActiveCfg = Release|Any CPU
		{10AD210F-9E34-45D5-84DA-D9775F21C757}.Release|Any CPU.Build.0 = Release|Any CPU
	EndGlobalSection
	GlobalSection(SolutionProperties) = preSolution
		HideSolutionNode = FALSE
	EndGlobalSection
	GlobalSection(ExtensibilityGlobals) = postSolution
		SolutionGuid = {098DD70B-0056-423C-AE31-947E43D901D7}
	EndGlobalSection
EndGlobal
